
Microsoft Visual Studio Solution File, Format Version 12.00
# Visual Studio Version 16
VisualStudioVersion = 16.0.31205.134
MinimumVisualStudioVersion = 10.0.40219.1
Project("{FAE04EC0-301F-11D3-BF4B-00C04F79EFBC}") = "P4WPF", "P4WPF\P4WPF.csproj", "{A58E503A-7D25-4D8D-A17F-55AC5F98B70D}"
EndProject
Global
	GlobalSection(SolutionConfigurationPlatforms) = preSolution
		Debug|Any CPU = Debug|Any CPU
		Release|Any CPU = Release|Any CPU
	EndGlobalSection
	GlobalSection(ProjectConfigurationPlatforms) = postSolution
		{A58E503A-7D25-4D8D-A17F-55AC5F98B70D}.Debug|Any CPU.ActiveCfg = Debug|Any CPU
		{A58E503A-7D25-4D8D-A17F-55AC5F98B70D}.Debug|Any CPU.Build.0 = Debug|Any CPU
		{A58E503A-7D25-4D8D-A17F-55AC5F98B70D}.Release|Any CPU.ActiveCfg = Release|Any CPU
		{A58E503A-7D25-4D8D-A17F-55AC5F98B70D}.Release|Any CPU.Build.0 = Release|Any CPU
	EndGlobalSection
	GlobalSection(SolutionProperties) = preSolution
		HideSolutionNode = FALSE
	EndGlobalSection
	GlobalSection(ExtensibilityGlobals) = postSolution
		SolutionGuid = {2BC44916-671B-4A4E-9028-88CA0CD0B5A0}
	EndGlobalSection
EndGlobal
